
Microsoft Visual Studio Solution File, Format Version 12.00
Project("{2150E333-8FDC-42A3-9474-1A3956D46DE8}") = "api", "api", "{408CE74C-C140-4EC0-9A94-77078D6E38E3}"
	ProjectSection(SolutionItems) = preProject
		api\README.MD = api\README.MD
	EndProjectSection
EndProject
Project("{2150E333-8FDC-42A3-9474-1A3956D46DE8}") = "infrastructure", "infrastructure", "{5EDF1DC4-2F2D-4855-A0CE-6A4E5E58627A}"
	ProjectSection(SolutionItems) = preProject
		infrastructure\README.MD = infrastructure\README.MD
	EndProjectSection
EndProject
Project("{2150E333-8FDC-42A3-9474-1A3956D46DE8}") = "e2e", "e2e", "{CBE41622-8180-451F-8851-DF4A3AAD9109}"
	ProjectSection(SolutionItems) = preProject
		e2e\README.MD = e2e\README.MD
	EndProjectSection
EndProject
Project("{2150E333-8FDC-42A3-9474-1A3956D46DE8}") = "web", "web", "{76487C8D-D42F-4B23-B4DE-174EF20F1D34}"
	ProjectSection(SolutionItems) = preProject
		web\README.MD = web\README.MD
	EndProjectSection
EndProject
Project("{FAE04EC0-301F-11D3-BF4B-00C04F79EFBC}") = "Hippo.Booking.API", "api\Hippo.Booking.API\Hippo.Booking.API.csproj", "{FEB5FB1C-A3F9-4608-8A02-D2DD3F15EB03}"
EndProject
Project("{FAE04EC0-301F-11D3-BF4B-00C04F79EFBC}") = "Hippo.Booking.Application", "api\Hippo.Booking.Application\Hippo.Booking.Application.csproj", "{CD9C2B01-CD22-4F2E-851A-67B2FA2E3F82}"
EndProject
Project("{FAE04EC0-301F-11D3-BF4B-00C04F79EFBC}") = "Hippo.Booking.E2ETests", "e2e\Hippo.Booking.E2ETests\Hippo.Booking.E2ETests.csproj", "{C1650E77-0926-44AB-9287-F5C7580D0A26}"
EndProject
Project("{FAE04EC0-301F-11D3-BF4B-00C04F79EFBC}") = "Hippo.Booking.Deploy.Azure", "infrastructure\Hippo.Booking.Deploy.Azure\Hippo.Booking.Deploy.Azure.csproj", "{9CF82090-029C-4756-8D73-39E2F74CA08E}"
EndProject
Project("{2150E333-8FDC-42A3-9474-1A3956D46DE8}") = "tests", "tests", "{3AE229C3-B75B-4A60-81D7-9116CB55501C}"
EndProject
Project("{FAE04EC0-301F-11D3-BF4B-00C04F79EFBC}") = "Hippo.Booking.Application.Tests", "api\tests\Hippo.Booking.Application.Tests\Hippo.Booking.Application.Tests.csproj", "{057533F6-A6A7-480E-A7C3-E072FABCC4C1}"
EndProject
Project("{FAE04EC0-301F-11D3-BF4B-00C04F79EFBC}") = "Hippo.Booking.Core", "api\Hippo.Booking.Core\Hippo.Booking.Core.csproj", "{AFE460BE-8ACB-4DCF-BB16-AAA340424946}"
EndProject
Project("{FAE04EC0-301F-11D3-BF4B-00C04F79EFBC}") = "Hippo.Booking.Core.Tests", "api\tests\Hippo.Booking.Core.Tests\Hippo.Booking.Core.Tests.csproj", "{7213EA45-CE6D-4267-B747-DD2F2DEEA3EA}"
EndProject
Project("{2150E333-8FDC-42A3-9474-1A3956D46DE8}") = "docker", "docker", "{A7C5220D-837C-409A-9444-1CCB2DE323D9}"
	ProjectSection(SolutionItems) = preProject
		infrastructure\docker\README.MD = infrastructure\docker\README.MD
		infrastructure\docker\docker-compose.yml = infrastructure\docker\docker-compose.yml
		infrastructure\docker\docker-compose-services.yml = infrastructure\docker\docker-compose-services.yml
	EndProjectSection
EndProject
Project("{FAE04EC0-301F-11D3-BF4B-00C04F79EFBC}") = "Hippo.Booking.Infrastructure", "api\Hippo.Booking.Infrastructure\Hippo.Booking.Infrastructure.csproj", "{6F0C2DF4-A417-402A-B185-B3D2EEB4669D}"
EndProject
Project("{FAE04EC0-301F-11D3-BF4B-00C04F79EFBC}") = "Hippo.Booking.Infrastructure.EF", "api\Hippo.Booking.Infrastructure.EF\Hippo.Booking.Infrastructure.EF.csproj", "{85986BED-48EE-467E-AADE-FAEDB0AC204B}"
EndProject
Global
	GlobalSection(SolutionConfigurationPlatforms) = preSolution
		Debug|Any CPU = Debug|Any CPU
		Release|Any CPU = Release|Any CPU
	EndGlobalSection
	GlobalSection(NestedProjects) = preSolution
		{FEB5FB1C-A3F9-4608-8A02-D2DD3F15EB03} = {408CE74C-C140-4EC0-9A94-77078D6E38E3}
		{C1650E77-0926-44AB-9287-F5C7580D0A26} = {CBE41622-8180-451F-8851-DF4A3AAD9109}
		{CD9C2B01-CD22-4F2E-851A-67B2FA2E3F82} = {408CE74C-C140-4EC0-9A94-77078D6E38E3}
		{9CF82090-029C-4756-8D73-39E2F74CA08E} = {5EDF1DC4-2F2D-4855-A0CE-6A4E5E58627A}
		{3AE229C3-B75B-4A60-81D7-9116CB55501C} = {408CE74C-C140-4EC0-9A94-77078D6E38E3}
		{057533F6-A6A7-480E-A7C3-E072FABCC4C1} = {3AE229C3-B75B-4A60-81D7-9116CB55501C}
		{AFE460BE-8ACB-4DCF-BB16-AAA340424946} = {408CE74C-C140-4EC0-9A94-77078D6E38E3}
		{7213EA45-CE6D-4267-B747-DD2F2DEEA3EA} = {3AE229C3-B75B-4A60-81D7-9116CB55501C}
		{A7C5220D-837C-409A-9444-1CCB2DE323D9} = {5EDF1DC4-2F2D-4855-A0CE-6A4E5E58627A}
		{6F0C2DF4-A417-402A-B185-B3D2EEB4669D} = {408CE74C-C140-4EC0-9A94-77078D6E38E3}
		{85986BED-48EE-467E-AADE-FAEDB0AC204B} = {408CE74C-C140-4EC0-9A94-77078D6E38E3}
	EndGlobalSection
	GlobalSection(ProjectConfigurationPlatforms) = postSolution
		{FEB5FB1C-A3F9-4608-8A02-D2DD3F15EB03}.Debug|Any CPU.ActiveCfg = Debug|Any CPU
		{FEB5FB1C-A3F9-4608-8A02-D2DD3F15EB03}.Debug|Any CPU.Build.0 = Debug|Any CPU
		{FEB5FB1C-A3F9-4608-8A02-D2DD3F15EB03}.Release|Any CPU.ActiveCfg = Release|Any CPU
		{FEB5FB1C-A3F9-4608-8A02-D2DD3F15EB03}.Release|Any CPU.Build.0 = Release|Any CPU
		{CD9C2B01-CD22-4F2E-851A-67B2FA2E3F82}.Debug|Any CPU.ActiveCfg = Debug|Any CPU
		{CD9C2B01-CD22-4F2E-851A-67B2FA2E3F82}.Debug|Any CPU.Build.0 = Debug|Any CPU
		{CD9C2B01-CD22-4F2E-851A-67B2FA2E3F82}.Release|Any CPU.ActiveCfg = Release|Any CPU
		{CD9C2B01-CD22-4F2E-851A-67B2FA2E3F82}.Release|Any CPU.Build.0 = Release|Any CPU
		{C1650E77-0926-44AB-9287-F5C7580D0A26}.Debug|Any CPU.ActiveCfg = Debug|Any CPU
		{C1650E77-0926-44AB-9287-F5C7580D0A26}.Debug|Any CPU.Build.0 = Debug|Any CPU
		{C1650E77-0926-44AB-9287-F5C7580D0A26}.Release|Any CPU.ActiveCfg = Release|Any CPU
		{C1650E77-0926-44AB-9287-F5C7580D0A26}.Release|Any CPU.Build.0 = Release|Any CPU
		{9CF82090-029C-4756-8D73-39E2F74CA08E}.Debug|Any CPU.ActiveCfg = Debug|Any CPU
		{9CF82090-029C-4756-8D73-39E2F74CA08E}.Debug|Any CPU.Build.0 = Debug|Any CPU
		{9CF82090-029C-4756-8D73-39E2F74CA08E}.Release|Any CPU.ActiveCfg = Release|Any CPU
		{9CF82090-029C-4756-8D73-39E2F74CA08E}.Release|Any CPU.Build.0 = Release|Any CPU
		{057533F6-A6A7-480E-A7C3-E072FABCC4C1}.Debug|Any CPU.ActiveCfg = Debug|Any CPU
		{057533F6-A6A7-480E-A7C3-E072FABCC4C1}.Debug|Any CPU.Build.0 = Debug|Any CPU
		{057533F6-A6A7-480E-A7C3-E072FABCC4C1}.Release|Any CPU.ActiveCfg = Release|Any CPU
		{057533F6-A6A7-480E-A7C3-E072FABCC4C1}.Release|Any CPU.Build.0 = Release|Any CPU
		{AFE460BE-8ACB-4DCF-BB16-AAA340424946}.Debug|Any CPU.ActiveCfg = Debug|Any CPU
		{AFE460BE-8ACB-4DCF-BB16-AAA340424946}.Debug|Any CPU.Build.0 = Debug|Any CPU
		{AFE460BE-8ACB-4DCF-BB16-AAA340424946}.Release|Any CPU.ActiveCfg = Release|Any CPU
		{AFE460BE-8ACB-4DCF-BB16-AAA340424946}.Release|Any CPU.Build.0 = Release|Any CPU
		{7213EA45-CE6D-4267-B747-DD2F2DEEA3EA}.Debug|Any CPU.ActiveCfg = Debug|Any CPU
		{7213EA45-CE6D-4267-B747-DD2F2DEEA3EA}.Debug|Any CPU.Build.0 = Debug|Any CPU
		{7213EA45-CE6D-4267-B747-DD2F2DEEA3EA}.Release|Any CPU.ActiveCfg = Release|Any CPU
		{7213EA45-CE6D-4267-B747-DD2F2DEEA3EA}.Release|Any CPU.Build.0 = Release|Any CPU
		{6F0C2DF4-A417-402A-B185-B3D2EEB4669D}.Debug|Any CPU.ActiveCfg = Debug|Any CPU
		{6F0C2DF4-A417-402A-B185-B3D2EEB4669D}.Debug|Any CPU.Build.0 = Debug|Any CPU
		{6F0C2DF4-A417-402A-B185-B3D2EEB4669D}.Release|Any CPU.ActiveCfg = Release|Any CPU
		{6F0C2DF4-A417-402A-B185-B3D2EEB4669D}.Release|Any CPU.Build.0 = Release|Any CPU
		{85986BED-48EE-467E-AADE-FAEDB0AC204B}.Debug|Any CPU.ActiveCfg = Debug|Any CPU
		{85986BED-48EE-467E-AADE-FAEDB0AC204B}.Debug|Any CPU.Build.0 = Debug|Any CPU
		{85986BED-48EE-467E-AADE-FAEDB0AC204B}.Release|Any CPU.ActiveCfg = Release|Any CPU
		{85986BED-48EE-467E-AADE-FAEDB0AC204B}.Release|Any CPU.Build.0 = Release|Any CPU
	EndGlobalSection
EndGlobal
